
Microsoft Visual Studio Solution File, Format Version 12.00
# Visual Studio Version 16
VisualStudioVersion = 16.0.31205.134
MinimumVisualStudioVersion = 10.0.40219.1
Project("{FAE04EC0-301F-11D3-BF4B-00C04F79EFBC}") = "OS_Practika1", "OS_Practika1\OS_Practika1.csproj", "{EE5A66AF-615C-454F-9F60-5F33EF201862}"
EndProject
Global
	GlobalSection(SolutionConfigurationPlatforms) = preSolution
		Debug|Any CPU = Debug|Any CPU
		Release|Any CPU = Release|Any CPU
	EndGlobalSection
	GlobalSection(ProjectConfigurationPlatforms) = postSolution
		{EE5A66AF-615C-454F-9F60-5F33EF201862}.Debug|Any CPU.ActiveCfg = Debug|Any CPU
		{EE5A66AF-615C-454F-9F60-5F33EF201862}.Debug|Any CPU.Build.0 = Debug|Any CPU
		{EE5A66AF-615C-454F-9F60-5F33EF201862}.Release|Any CPU.ActiveCfg = Release|Any CPU
		{EE5A66AF-615C-454F-9F60-5F33EF201862}.Release|Any CPU.Build.0 = Release|Any CPU
	EndGlobalSection
	GlobalSection(SolutionProperties) = preSolution
		HideSolutionNode = FALSE
	EndGlobalSection
	GlobalSection(ExtensibilityGlobals) = postSolution
		SolutionGuid = {308C1997-ABB4-4A0E-BDA0-B917CE45970F}
	EndGlobalSection
EndGlobal
